<?xml version="1.0" encoding="utf-8"?>
<Project ToolsVersion="4.0" xmlns="http://schemas.microsoft.com/developer/msbuild/2003">
  <ItemGroup>
    <ClCompile Include="Main.cpp" />
    <ClCompile Include="Routines.cpp" />
    <ClCompile Include="DlgModules.cpp">
      <Filter>ModuleView</Filter>
    </ClCompile>
    <ClCompile Include="MainWnd.cpp">
      <Filter>Dialog</Filter>
    </ClCompile>
    <ClCompile Include="Dlg_Funcs.cpp">
      <Filter>Dialog</Filter>
    </ClCompile>
    <ClCompile Include="FileUtil.cpp">
      <Filter>Utils</Filter>
    </ClCompile>
    <ClCompile Include="ConfigMgr.cpp">
      <Filter>Config</Filter>
    </ClCompile>
  </ItemGroup>
  <ItemGroup>
    <ClInclude Include="Resource.h">
      <Filter>Resources</Filter>
    </ClInclude>
    <ClInclude Include="stdafx.h">
      <Filter>Common</Filter>
    </ClInclude>
    <ClInclude Include="Targetver.h">
      <Filter>Common</Filter>
    </ClInclude>
    <ClInclude Include="DlgModules.h">
      <Filter>ModuleView</Filter>
    </ClInclude>
    <ClInclude Include="MainWnd.h">
      <Filter>Dialog</Filter>
    </ClInclude>
    <ClInclude Include="rapidxml_wrap.hpp">
      <Filter>XML</Filter>
    </ClInclude>
    <ClInclude Include="rapidxml\rapidxml.hpp">
      <Filter>XML</Filter>
    </ClInclude>
    <ClInclude Include="rapidxml\rapidxml_iterators.hpp">
      <Filter>XML</Filter>
    </ClInclude>
    <ClInclude Include="rapidxml\rapidxml_print.hpp">
      <Filter>XML</Filter>
    </ClInclude>
    <ClInclude Include="rapidxml\rapidxml_utils.hpp">
      <Filter>XML</Filter>
    </ClInclude>
    <ClInclude Include="StringUtil.h">
      <Filter>Utils</Filter>
    </ClInclude>
    <ClInclude Include="FileUtil.h">
      <Filter>Utils</Filter>
    </ClInclude>
    <ClInclude Include="ConfigMgr.h">
      <Filter>Config</Filter>
    </ClInclude>
  </ItemGroup>
  <ItemGroup>
    <Filter Include="Resources">
      <UniqueIdentifier>{98480cdd-e91d-44f4-850b-c0485a146c71}</UniqueIdentifier>
    </Filter>
    <Filter Include="XML">
      <UniqueIdentifier>{449f072c-c19e-4885-b458-352d83e994e3}</UniqueIdentifier>
    </Filter>
    <Filter Include="Common">
      <UniqueIdentifier>{748eb939-8503-4952-a1db-c1ae4decb08d}</UniqueIdentifier>
    </Filter>
    <Filter Include="ModuleView">
      <UniqueIdentifier>{457956b4-994e-419f-80f9-d247456895a1}</UniqueIdentifier>
    </Filter>
    <Filter Include="Dialog">
      <UniqueIdentifier>{752d7940-aa62-4560-b5df-8ac164a55084}</UniqueIdentifier>
    </Filter>
    <Filter Include="Utils">
      <UniqueIdentifier>{c0025122-f8eb-4c1e-9488-a267ba281a69}</UniqueIdentifier>
    </Filter>
    <Filter Include="Config">
      <UniqueIdentifier>{330a2b04-3766-4494-9b13-33b7905d8572}</UniqueIdentifier>
    </Filter>
  </ItemGroup>
  <ItemGroup>
    <ResourceCompile Include="Xenos.rc">
      <Filter>Resources</Filter>
    </ResourceCompile>
  </ItemGroup>
  <ItemGroup>
    <Image Include="alien.ico">
      <Filter>Resources</Filter>
    </Image>
  </ItemGroup>
</Project>