<?xml version="1.0" encoding="utf-8"?>
<Project ToolsVersion="4.0" xmlns="http://schemas.microsoft.com/developer/msbuild/2003">
  <ItemGroup>
    <ClCompile Include="Main.cpp" />
    <ClCompile Include="DlgModules.cpp">
      <Filter>Interface\ModuleView</Filter>
    </ClCompile>
    <ClCompile Include="FileUtil.cpp">
      <Filter>Utils</Filter>
    </ClCompile>
    <ClCompile Include="InjectionCore.cpp">
      <Filter>Core</Filter>
    </ClCompile>
    <ClCompile Include="Routines.cpp">
      <Filter>Interface</Filter>
    </ClCompile>
    <ClCompile Include="DlgWait.cpp">
      <Filter>Interface\ProcessWait</Filter>
    </ClCompile>
    <ClCompile Include="DumpHandler.cpp">
      <Filter>Dump</Filter>
    </ClCompile>
    <ClCompile Include="DlgSettings.cpp">
      <Filter>Interface\Settings</Filter>
    </ClCompile>
    <ClCompile Include="MainDlg.cpp">
      <Filter>Interface</Filter>
    </ClCompile>
    <ClCompile Include="ProfileMgr.cpp">
      <Filter>Config</Filter>
    </ClCompile>
  </ItemGroup>
  <ItemGroup>
    <ClInclude Include="Resource.h">
      <Filter>Resources</Filter>
    </ClInclude>
    <ClInclude Include="stdafx.h">
      <Filter>Common</Filter>
    </ClInclude>
    <ClInclude Include="DlgModules.h">
      <Filter>Interface\ModuleView</Filter>
    </ClInclude>
    <ClInclude Include="rapidxml_wrap.hpp">
      <Filter>XML</Filter>
    </ClInclude>
    <ClInclude Include="rapidxml\rapidxml.hpp">
      <Filter>XML</Filter>
    </ClInclude>
    <ClInclude Include="rapidxml\rapidxml_iterators.hpp">
      <Filter>XML</Filter>
    </ClInclude>
    <ClInclude Include="rapidxml\rapidxml_print.hpp">
      <Filter>XML</Filter>
    </ClInclude>
    <ClInclude Include="rapidxml\rapidxml_utils.hpp">
      <Filter>XML</Filter>
    </ClInclude>
    <ClInclude Include="StringUtil.h">
      <Filter>Utils</Filter>
    </ClInclude>
    <ClInclude Include="FileUtil.h">
      <Filter>Utils</Filter>
    </ClInclude>
    <ClInclude Include="ComboBox.hpp">
      <Filter>Interface\Controls</Filter>
    </ClInclude>
    <ClInclude Include="EditBox.hpp">
      <Filter>Interface\Controls</Filter>
    </ClInclude>
    <ClInclude Include="Control.hpp">
      <Filter>Interface\Controls</Filter>
    </ClInclude>
    <ClInclude Include="InjectionCore.h">
      <Filter>Core</Filter>
    </ClInclude>
    <ClInclude Include="ListView.hpp">
      <Filter>Interface\Controls</Filter>
    </ClInclude>
    <ClInclude Include="Message.hpp">
      <Filter>Interface\Controls</Filter>
    </ClInclude>
    <ClInclude Include="DlgWait.h">
      <Filter>Interface\ProcessWait</Filter>
    </ClInclude>
    <ClInclude Include="Button.hpp">
      <Filter>Interface\Controls</Filter>
    </ClInclude>
    <ClInclude Include="Dialog.hpp">
      <Filter>Interface\Controls</Filter>
    </ClInclude>
    <ClInclude Include="Window.hpp">
      <Filter>Interface\Controls</Filter>
    </ClInclude>
    <ClInclude Include="DumpHandler.h">
      <Filter>Dump</Filter>
    </ClInclude>
    <ClInclude Include="DlgSettings.h">
      <Filter>Interface\Settings</Filter>
    </ClInclude>
    <ClInclude Include="MainDlg.h">
      <Filter>Interface</Filter>
    </ClInclude>
    <ClInclude Include="ProfileMgr.h">
      <Filter>Config</Filter>
    </ClInclude>
    <ClInclude Include="StatusBar.hpp">
      <Filter>Interface\Controls</Filter>
    </ClInclude>
    <ClInclude Include="Log.h">
      <Filter>Log</Filter>
    </ClInclude>
    <ClInclude Include="DriverExtract.h">
      <Filter>Common</Filter>
    </ClInclude>
  </ItemGroup>
  <ItemGroup>
    <Filter Include="Resources">
      <UniqueIdentifier>{98480cdd-e91d-44f4-850b-c0485a146c71}</UniqueIdentifier>
    </Filter>
    <Filter Include="XML">
      <UniqueIdentifier>{449f072c-c19e-4885-b458-352d83e994e3}</UniqueIdentifier>
    </Filter>
    <Filter Include="Common">
      <UniqueIdentifier>{748eb939-8503-4952-a1db-c1ae4decb08d}</UniqueIdentifier>
    </Filter>
    <Filter Include="Utils">
      <UniqueIdentifier>{c0025122-f8eb-4c1e-9488-a267ba281a69}</UniqueIdentifier>
    </Filter>
    <Filter Include="Config">
      <UniqueIdentifier>{330a2b04-3766-4494-9b13-33b7905d8572}</UniqueIdentifier>
    </Filter>
    <Filter Include="Core">
      <UniqueIdentifier>{9ba9fa83-575f-4c0e-b0c1-4f2b437a9f96}</UniqueIdentifier>
    </Filter>
    <Filter Include="Interface">
      <UniqueIdentifier>{752d7940-aa62-4560-b5df-8ac164a55084}</UniqueIdentifier>
    </Filter>
    <Filter Include="Interface\Controls">
      <UniqueIdentifier>{e5176c4f-97f0-4e73-bcbb-0c5b1d91abda}</UniqueIdentifier>
    </Filter>
    <Filter Include="Interface\ModuleView">
      <UniqueIdentifier>{457956b4-994e-419f-80f9-d247456895a1}</UniqueIdentifier>
    </Filter>
    <Filter Include="Interface\ProcessWait">
      <UniqueIdentifier>{2e8d1037-50b9-402e-8e77-93f6ed5d2e91}</UniqueIdentifier>
    </Filter>
    <Filter Include="Dump">
      <UniqueIdentifier>{045106fa-fca8-4b9d-a670-5e01f6707aa9}</UniqueIdentifier>
    </Filter>
    <Filter Include="Interface\Settings">
      <UniqueIdentifier>{0db25773-59d9-487d-9d9f-3f3df6d3a096}</UniqueIdentifier>
    </Filter>
    <Filter Include="Log">
      <UniqueIdentifier>{01cf98c8-a029-49f3-8002-2a821fdb7e0d}</UniqueIdentifier>
    </Filter>
  </ItemGroup>
  <ItemGroup>
    <ResourceCompile Include="Xenos.rc">
      <Filter>Resources</Filter>
    </ResourceCompile>
  </ItemGroup>
  <ItemGroup>
    <Image Include="alien.ico">
      <Filter>Resources</Filter>
    </Image>
  </ItemGroup>
  <ItemGroup>
    <None Include="..\..\BlackBone\src\BlackBoneDrv\bin\x64\Win8.1Release\BlackBoneDrv81.sys">
      <Filter>Resources</Filter>
    </None>
    <None Include="..\..\BlackBone\src\BlackBoneDrv\bin\x64\Win7Release\BlackBoneDrv7.sys">
      <Filter>Resources</Filter>
    </None>
    <None Include="..\..\BlackBone\src\BlackBoneDrv\bin\x64\Win8Release\BlackBoneDrv8.sys">
      <Filter>Resources</Filter>
    </None>
    <None Include="..\..\BlackBone\src\BlackBoneDrv\bin\x64\Win10Release\BlackBoneDrv10.sys">
      <Filter>Resources</Filter>
    </None>
  </ItemGroup>
</Project>